# ============================================================
# Core ML stack (CUDA 12.1)
# ============================================================
torch==2.1.2+cu121
torchvision==0.16.2+cu121
torchaudio==2.1.2+cu121

# ============================================================
# HuggingFace / WanVideo critical versions
# (FlowMatch schedulers REQUIRED)
# ============================================================
diffusers==0.30.2
transformers==4.41.2
accelerate==0.33.0

# ============================================================
# Numerical stability
# ============================================================
numpy==1.26.4
scipy==1.11.4

# ============================================================
# Networking / async
# ============================================================
aiohttp==3.9.5
requests==2.32.3

# ============================================================
# Audio (wav2vec / InfiniteTalk)
# ============================================================
librosa==0.10.2
soundfile==0.12.1

# ============================================================
# Image / IO utilities
# ============================================================
pillow==10.3.0
tqdm==4.66.4
